// !$*UTF8*$!
{
	archiveVersion = 1;
	classes = {
	};
	objectVersion = 48;
	objects = {

/* Begin PBXBuildFile section */
		0438160721A6D927007618ED /* TableViewController2.swift in Sources */ = {isa = PBXBuildFile; fileRef = 0438160621A6D927007618ED /* TableViewController2.swift */; };
		046482B921A65BA800B9F590 /* AppDelegate.swift in Sources */ = {isa = PBXBuildFile; fileRef = 046482B821A65BA800B9F590 /* AppDelegate.swift */; };
		046482BB21A65BA800B9F590 /* ViewController.swift in Sources */ = {isa = PBXBuildFile; fileRef = 046482BA21A65BA800B9F590 /* ViewController.swift */; };
		046482BE21A65BA800B9F590 /* Main.storyboard in Resources */ = {isa = PBXBuildFile; fileRef = 046482BC21A65BA800B9F590 /* Main.storyboard */; };
		046482C021A65BA800B9F590 /* Assets.xcassets in Resources */ = {isa = PBXBuildFile; fileRef = 046482BF21A65BA800B9F590 /* Assets.xcassets */; };
		046482C321A65BA800B9F590 /* LaunchScreen.storyboard in Resources */ = {isa = PBXBuildFile; fileRef = 046482C121A65BA800B9F590 /* LaunchScreen.storyboard */; };
		04C47BEF21A6E2900041D493 /* CustomCell.swift in Sources */ = {isa = PBXBuildFile; fileRef = 04C47BEE21A6E2900041D493 /* CustomCell.swift */; };
/* End PBXBuildFile section */

/* Begin PBXFileReference section */
		0438160621A6D927007618ED /* TableViewController2.swift */ = {isa = PBXFileReference; lastKnownFileType = sourcecode.swift; path = TableViewController2.swift; sourceTree = "<group>"; };
		046482B521A65BA800B9F590 /* PTTKHT.app */ = {isa = PBXFileReference; explicitFileType = wrapper.application; includeInIndex = 0; path = PTTKHT.app; sourceTree = BUILT_PRODUCTS_DIR; };
		046482B821A65BA800B9F590 /* AppDelegate.swift */ = {isa = PBXFileReference; lastKnownFileType = sourcecode.swift; path = AppDelegate.swift; sourceTree = "<group>"; };
		046482BA21A65BA800B9F590 /* ViewController.swift */ = {isa = PBXFileReference; lastKnownFileType = sourcecode.swift; path = ViewController.swift; sourceTree = "<group>"; };
		046482BD21A65BA800B9F590 /* Base */ = {isa = PBXFileReference; lastKnownFileType = file.storyboard; name = Base; path = Base.lproj/Main.storyboard; sourceTree = "<group>"; };
		046482BF21A65BA800B9F590 /* Assets.xcassets */ = {isa = PBXFileReference; lastKnownFileType = folder.assetcatalog; path = Assets.xcassets; sourceTree = "<group>"; };
		046482C221A65BA800B9F590 /* Base */ = {isa = PBXFileReference; lastKnownFileType = file.storyboard; name = Base; path = Base.lproj/LaunchScreen.storyboard; sourceTree = "<group>"; };
		046482C421A65BA800B9F590 /* Info.plist */ = {isa = PBXFileReference; lastKnownFileType = text.plist.xml; path = Info.plist; sourceTree = "<group>"; };
		04C47BEE21A6E2900041D493 /* CustomCell.swift */ = {isa = PBXFileReference; lastKnownFileType = sourcecode.swift; path = CustomCell.swift; sourceTree = "<group>"; };
/* End PBXFileReference section */

/* Begin PBXFrameworksBuildPhase section */
		046482B221A65BA800B9F590 /* Frameworks */ = {
			isa = PBXFrameworksBuildPhase;
			buildActionMask = 2147483647;
			files = (
			);
			runOnlyForDeploymentPostprocessing = 0;
		};
/* End PBXFrameworksBuildPhase section */

/* Begin PBXGroup section */
		0438160521A6D904007618ED /* Table View 2 */ = {
			isa = PBXGroup;
			children = (
				0438160621A6D927007618ED /* TableViewController2.swift */,
				04C47BEE21A6E2900041D493 /* CustomCell.swift */,
			);
			path = "Table View 2";
			sourceTree = "<group>";
		};
		046482AC21A65BA800B9F590 = {
			isa = PBXGroup;
			children = (
				046482B721A65BA800B9F590 /* PTTKHT */,
				046482B621A65BA800B9F590 /* Products */,
			);
			sourceTree = "<group>";
		};
		046482B621A65BA800B9F590 /* Products */ = {
			isa = PBXGroup;
			children = (
				046482B521A65BA800B9F590 /* PTTKHT.app */,
			);
			name = Products;
			sourceTree = "<group>";
		};
		046482B721A65BA800B9F590 /* PTTKHT */ = {
			isa = PBXGroup;
			children = (
				046482B821A65BA800B9F590 /* AppDelegate.swift */,
				046482BA21A65BA800B9F590 /* ViewController.swift */,
				0438160521A6D904007618ED /* Table View 2 */,
				046482BC21A65BA800B9F590 /* Main.storyboard */,
				046482BF21A65BA800B9F590 /* Assets.xcassets */,
				046482C121A65BA800B9F590 /* LaunchScreen.storyboard */,
				046482C421A65BA800B9F590 /* Info.plist */,
			);
			path = PTTKHT;
			sourceTree = "<group>";
		};
/* End PBXGroup section */

/* Begin PBXNativeTarget section */
		046482B421A65BA800B9F590 /* PTTKHT */ = {
			isa = PBXNativeTarget;
			buildConfigurationList = 046482C721A65BA800B9F590 /* Build configuration list for PBXNativeTarget "PTTKHT" */;
			buildPhases = (
				046482B121A65BA800B9F590 /* Sources */,
				046482B221A65BA800B9F590 /* Frameworks */,
				046482B321A65BA800B9F590 /* Resources */,
			);
			buildRules = (
			);
			dependencies = (
			);
			name = PTTKHT;
			productName = PTTKHT;
			productReference = 046482B521A65BA800B9F590 /* PTTKHT.app */;
			productType = "com.apple.product-type.application";
		};
/* End PBXNativeTarget section */

/* Begin PBXProject section */
		046482AD21A65BA800B9F590 /* Project object */ = {
			isa = PBXProject;
			attributes = {
				LastSwiftUpdateCheck = 0920;
				LastUpgradeCheck = 0920;
				ORGANIZATIONNAME = mac;
				TargetAttributes = {
					046482B421A65BA800B9F590 = {
						CreatedOnToolsVersion = 9.2;
						ProvisioningStyle = Automatic;
					};
				};
			};
			buildConfigurationList = 046482B021A65BA800B9F590 /* Build configuration list for PBXProject "PTTKHT" */;
			compatibilityVersion = "Xcode 8.0";
			developmentRegion = en;
			hasScannedForEncodings = 0;
			knownRegions = (
				en,
				Base,
			);
			mainGroup = 046482AC21A65BA800B9F590;
			productRefGroup = 046482B621A65BA800B9F590 /* Products */;
			projectDirPath = "";
			projectRoot = "";
			targets = (
				046482B421A65BA800B9F590 /* PTTKHT */,
			);
		};
/* End PBXProject section */

/* Begin PBXResourcesBuildPhase section */
		046482B321A65BA800B9F590 /* Resources */ = {
			isa = PBXResourcesBuildPhase;
			buildActionMask = 2147483647;
			files = (
				046482C321A65BA800B9F590 /* LaunchScreen.storyboard in Resources */,
				046482C021A65BA800B9F590 /* Assets.xcassets in Resources */,
				046482BE21A65BA800B9F590 /* Main.storyboard in Resources */,
			);
			runOnlyForDeploymentPostprocessing = 0;
		};
/* End PBXResourcesBuildPhase section */

/* Begin PBXSourcesBuildPhase section */
		046482B121A65BA800B9F590 /* Sources */ = {
			isa = PBXSourcesBuildPhase;
			buildActionMask = 2147483647;
			files = (
				0438160721A6D927007618ED /* TableViewController2.swift in Sources */,
				046482BB21A65BA800B9F590 /* ViewController.swift in Sources */,
				04C47BEF21A6E2900041D493 /* CustomCell.swift in Sources */,
				046482B921A65BA800B9F590 /* AppDelegate.swift in Sources */,
			);
			runOnlyForDeploymentPostprocessing = 0;
		};
/* End PBXSourcesBuildPhase section */

/* Begin PBXVariantGroup section */
		046482BC21A65BA800B9F590 /* Main.storyboard */ = {
			isa = PBXVariantGroup;
			children = (
				046482BD21A65BA800B9F590 /* Base */,
			);
			name = Main.storyboard;
			sourceTree = "<group>";
		};
		046482C121A65BA800B9F590 /* LaunchScreen.storyboard */ = {
			isa = PBXVariantGroup;
			children = (
				046482C221A65BA800B9F590 /* Base */,
			);
			name = LaunchScreen.storyboard;
			sourceTree = "<group>";
		};
/* End PBXVariantGroup section */

/* Begin XCBuildConfiguration section */
		046482C521A65BA800B9F590 /* Debug */ = {
			isa = XCBuildConfiguration;
			buildSettings = {
				ALWAYS_SEARCH_USER_PATHS = NO;
				CLANG_ANALYZER_NONNULL = YES;
				CLANG_ANALYZER_NUMBER_OBJECT_CONVERSION = YES_AGGRESSIVE;
				CLANG_CXX_LANGUAGE_STANDARD = "gnu++14";
				CLANG_CXX_LIBRARY = "libc++";
				CLANG_ENABLE_MODULES = YES;
				CLANG_ENABLE_OBJC_ARC = YES;
				CLANG_WARN_BLOCK_CAPTURE_AUTORELEASING = YES;
				CLANG_WARN_BOOL_CONVERSION = YES;
				CLANG_WARN_COMMA = YES;
				CLANG_WARN_CONSTANT_CONVERSION = YES;
				CLANG_WARN_DIRECT_OBJC_ISA_USAGE = YES_ERROR;
				CLANG_WARN_DOCUMENTATION_COMMENTS = YES;
				CLANG_WARN_EMPTY_BODY = YES;
				CLANG_WARN_ENUM_CONVERSION = YES;
				CLANG_WARN_INFINITE_RECURSION = YES;
				CLANG_WARN_INT_CONVERSION = YES;
				CLANG_WARN_NON_LITERAL_NULL_CONVERSION = YES;
				CLANG_WARN_OBJC_LITERAL_CONVERSION = YES;
				CLANG_WARN_OBJC_ROOT_CLASS = YES_ERROR;
				CLANG_WARN_RANGE_LOOP_ANALYSIS = YES;
				CLANG_WARN_STRICT_PROTOTYPES = YES;
				CLANG_WARN_SUSPICIOUS_MOVE = YES;
				CLANG_WARN_UNGUARDED_AVAILABILITY = YES_AGGRESSIVE;
				CLANG_WARN_UNREACHABLE_CODE = YES;
				CLANG_WARN__DUPLICATE_METHOD_MATCH = YES;
				CODE_SIGN_IDENTITY = "iPhone Developer";
				COPY_PHASE_STRIP = NO;
				DEBUG_INFORMATION_FORMAT = dwarf;
				ENABLE_STRICT_OBJC_MSGSEND = YES;
				ENABLE_TESTABILITY = YES;
				GCC_C_LANGUAGE_STANDARD = gnu11;
				GCC_DYNAMIC_NO_PIC = NO;
				GCC_NO_COMMON_BLOCKS = YES;
				GCC_OPTIMIZATION_LEVEL = 0;
				GCC_PREPROCESSOR_DEFINITIONS = (
					"DEBUG=1",
					"$(inherited)",
				);
				GCC_WARN_64_TO_32_BIT_CONVERSION = YES;
				GCC_WARN_ABOUT_RETURN_TYPE = YES_ERROR;
				GCC_WARN_UNDECLARED_SELECTOR = YES;
				GCC_WARN_UNINITIALIZED_AUTOS = YES_AGGRESSIVE;
				GCC_WARN_UNUSED_FUNCTION = YES;
				GCC_WARN_UNUSED_VARIABLE = YES;
				IPHONEOS_DEPLOYMENT_TARGET = 11.2;
				MTL_ENABLE_DEBUG_INFO = YES;
				ONLY_ACTIVE_ARCH = YES;
				SDKROOT = iphoneos;
				SWIFT_ACTIVE_COMPILATION_CONDITIONS = DEBUG;
				SWIFT_OPTIMIZATION_LEVEL = "-Onone";
			};
			name = Debug;
		};
		046482C621A65BA800B9F590 /* Release */ = {
			isa = XCBuildConfiguration;
			buildSettings = {
				ALWAYS_SEARCH_USER_PATHS = NO;
				CLANG_ANALYZER_NONNULL = YES;
				CLANG_ANALYZER_NUMBER_OBJECT_CONVERSION = YES_AGGRESSIVE;
				CLANG_CXX_LANGUAGE_STANDARD = "gnu++14";
				CLANG_CXX_LIBRARY = "libc++";
				CLANG_ENABLE_MODULES = YES;
				CLANG_ENABLE_OBJC_ARC = YES;
				CLANG_WARN_BLOCK_CAPTURE_AUTORELEASING = YES;
				CLANG_WARN_BOOL_CONVERSION = YES;
				CLANG_WARN_COMMA = YES;
				CLANG_WARN_CONSTANT_CONVERSION = YES;
				CLANG_WARN_DIRECT_OBJC_ISA_USAGE = YES_ERROR;
				CLANG_WARN_DOCUMENTATION_COMMENTS = YES;
				CLANG_WARN_EMPTY_BODY = YES;
				CLANG_WARN_ENUM_CONVERSION = YES;
				CLANG_WARN_INFINITE_RECURSION = YES;
				CLANG_WARN_INT_CONVERSION = YES;
				CLANG_WARN_NON_LITERAL_NULL_CONVERSION = YES;
				CLANG_WARN_OBJC_LITERAL_CONVERSION = YES;
				CLANG_WARN_OBJC_ROOT_CLASS = YES_ERROR;
				CLANG_WARN_RANGE_LOOP_ANALYSIS = YES;
				CLANG_WARN_STRICT_PROTOTYPES = YES;
				CLANG_WARN_SUSPICIOUS_MOVE = YES;
				CLANG_WARN_UNGUARDED_AVAILABILITY = YES_AGGRESSIVE;
				CLANG_WARN_UNREACHABLE_CODE = YES;
				CLANG_WARN__DUPLICATE_METHOD_MATCH = YES;
				CODE_SIGN_IDENTITY = "iPhone Developer";
				COPY_PHASE_STRIP = NO;
				DEBUG_INFORMATION_FORMAT = "dwarf-with-dsym";
				ENABLE_NS_ASSERTIONS = NO;
				ENABLE_STRICT_OBJC_MSGSEND = YES;
				GCC_C_LANGUAGE_STANDARD = gnu11;
				GCC_NO_COMMON_BLOCKS = YES;
				GCC_WARN_64_TO_32_BIT_CONVERSION = YES;
				GCC_WARN_ABOUT_RETURN_TYPE = YES_ERROR;
				GCC_WARN_UNDECLARED_SELECTOR = YES;
				GCC_WARN_UNINITIALIZED_AUTOS = YES_AGGRESSIVE;
				GCC_WARN_UNUSED_FUNCTION = YES;
				GCC_WARN_UNUSED_VARIABLE = YES;
				IPHONEOS_DEPLOYMENT_TARGET = 11.2;
				MTL_ENABLE_DEBUG_INFO = NO;
				SDKROOT = iphoneos;
				SWIFT_OPTIMIZATION_LEVEL = "-Owholemodule";
				VALIDATE_PRODUCT = YES;
			};
			name = Release;
		};
		046482C821A65BA800B9F590 /* Debug */ = {
			isa = XCBuildConfiguration;
			buildSettings = {
				ASSETCATALOG_COMPILER_APPICON_NAME = AppIcon;
				CODE_SIGN_STYLE = Automatic;
				DEVELOPMENT_TEAM = DJ94Y9HT46;
				INFOPLIST_FILE = PTTKHT/Info.plist;
				LD_RUNPATH_SEARCH_PATHS = "$(inherited) @executable_path/Frameworks";
				PRODUCT_BUNDLE_IDENTIFIER = com.HocSwift.PTTKHT;
				PRODUCT_NAME = "$(TARGET_NAME)";
				SWIFT_VERSION = 4.0;
				TARGETED_DEVICE_FAMILY = "1,2";
			};
			name = Debug;
		};
		046482C921A65BA800B9F590 /* Release */ = {
			isa = XCBuildConfiguration;
			buildSettings = {
				ASSETCATALOG_COMPILER_APPICON_NAME = AppIcon;
				CODE_SIGN_STYLE = Automatic;
				DEVELOPMENT_TEAM = DJ94Y9HT46;
				INFOPLIST_FILE = PTTKHT/Info.plist;
				LD_RUNPATH_SEARCH_PATHS = "$(inherited) @executable_path/Frameworks";
				PRODUCT_BUNDLE_IDENTIFIER = com.HocSwift.PTTKHT;
				PRODUCT_NAME = "$(TARGET_NAME)";
				SWIFT_VERSION = 4.0;
				TARGETED_DEVICE_FAMILY = "1,2";
			};
			name = Release;
		};
/* End XCBuildConfiguration section */

/* Begin XCConfigurationList section */
		046482B021A65BA800B9F590 /* Build configuration list for PBXProject "PTTKHT" */ = {
			isa = XCConfigurationList;
			buildConfigurations = (
				046482C521A65BA800B9F590 /* Debug */,
				046482C621A65BA800B9F590 /* Release */,
			);
			defaultConfigurationIsVisible = 0;
			defaultConfigurationName = Release;
		};
		046482C721A65BA800B9F590 /* Build configuration list for PBXNativeTarget "PTTKHT" */ = {
			isa = XCConfigurationList;
			buildConfigurations = (
				046482C821A65BA800B9F590 /* Debug */,
				046482C921A65BA800B9F590 /* Release */,
			);
			defaultConfigurationIsVisible = 0;
			defaultConfigurationName = Release;
		};
/* End XCConfigurationList section */
	};
	rootObject = 046482AD21A65BA800B9F590 /* Project object */;
}
